// !$*UTF8*$!
{
	archiveVersion = 1;
	classes = {
	};
	objectVersion = 46;
	objects = {

/* Begin PBXBuildFile section */
		DBD8C18B1B169FB70086C3ED /* AppDelegate.swift in Sources */ = {isa = PBXBuildFile; fileRef = DBD8C18A1B169FB70086C3ED /* AppDelegate.swift */; };
		DBD8C18D1B169FB70086C3ED /* ViewController.swift in Sources */ = {isa = PBXBuildFile; fileRef = DBD8C18C1B169FB70086C3ED /* ViewController.swift */; };
		DBD8C1901B169FB70086C3ED /* Main.storyboard in Resources */ = {isa = PBXBuildFile; fileRef = DBD8C18E1B169FB70086C3ED /* Main.storyboard */; };
		DBD8C1921B169FB70086C3ED /* Images.xcassets in Resources */ = {isa = PBXBuildFile; fileRef = DBD8C1911B169FB70086C3ED /* Images.xcassets */; };
		DBD8C1951B169FB70086C3ED /* LaunchScreen.xib in Resources */ = {isa = PBXBuildFile; fileRef = DBD8C1931B169FB70086C3ED /* LaunchScreen.xib */; };
		DBD8C1A11B169FB70086C3ED /* TestTests.swift in Sources */ = {isa = PBXBuildFile; fileRef = DBD8C1A01B169FB70086C3ED /* TestTests.swift */; };
/* End PBXBuildFile section */

/* Begin PBXContainerItemProxy section */
		DBD8C19B1B169FB70086C3ED /* PBXContainerItemProxy */ = {
			isa = PBXContainerItemProxy;
			containerPortal = DBD8C17D1B169FB70086C3ED /* Project object */;
			proxyType = 1;
			remoteGlobalIDString = DBD8C1841B169FB70086C3ED;
			remoteInfo = Test;
		};
/* End PBXContainerItemProxy section */

/* Begin PBXFileReference section */
		DBD8C1851B169FB70086C3ED /* MyFirstSwift.app */ = {isa = PBXFileReference; explicitFileType = wrapper.application; includeInIndex = 0; path = MyFirstSwift.app; sourceTree = BUILT_PRODUCTS_DIR; };
		DBD8C1891B169FB70086C3ED /* Info.plist */ = {isa = PBXFileReference; lastKnownFileType = text.plist.xml; path = Info.plist; sourceTree = "<group>"; };
		DBD8C18A1B169FB70086C3ED /* AppDelegate.swift */ = {isa = PBXFileReference; lastKnownFileType = sourcecode.swift; path = AppDelegate.swift; sourceTree = "<group>"; };
		DBD8C18C1B169FB70086C3ED /* ViewController.swift */ = {isa = PBXFileReference; lastKnownFileType = sourcecode.swift; path = ViewController.swift; sourceTree = "<group>"; };
		DBD8C18F1B169FB70086C3ED /* Base */ = {isa = PBXFileReference; lastKnownFileType = file.storyboard; name = Base; path = Base.lproj/Main.storyboard; sourceTree = "<group>"; };
		DBD8C1911B169FB70086C3ED /* Images.xcassets */ = {isa = PBXFileReference; lastKnownFileType = folder.assetcatalog; path = Images.xcassets; sourceTree = "<group>"; };
		DBD8C1941B169FB70086C3ED /* Base */ = {isa = PBXFileReference; lastKnownFileType = file.xib; name = Base; path = Base.lproj/LaunchScreen.xib; sourceTree = "<group>"; };
		DBD8C19A1B169FB70086C3ED /* MyFirstSwiftMyFirstSwifts.xctest */ = {isa = PBXFileReference; explicitFileType = wrapper.cfbundle; includeInIndex = 0; path = MyFirstSwiftMyFirstSwifts.xctest; sourceTree = BUILT_PRODUCTS_DIR; };
		DBD8C19F1B169FB70086C3ED /* Info.plist */ = {isa = PBXFileReference; lastKnownFileType = text.plist.xml; path = Info.plist; sourceTree = "<group>"; };
		DBD8C1A01B169FB70086C3ED /* TestTests.swift */ = {isa = PBXFileReference; lastKnownFileType = sourcecode.swift; path = TestTests.swift; sourceTree = "<group>"; };
/* End PBXFileReference section */

/* Begin PBXFrameworksBuildPhase section */
		DBD8C1821B169FB70086C3ED /* Frameworks */ = {
			isa = PBXFrameworksBuildPhase;
			buildActionMask = 2147483647;
			files = (
			);
			runOnlyForDeploymentPostprocessing = 0;
		};
		DBD8C1971B169FB70086C3ED /* Frameworks */ = {
			isa = PBXFrameworksBuildPhase;
			buildActionMask = 2147483647;
			files = (
			);
			runOnlyForDeploymentPostprocessing = 0;
		};
/* End PBXFrameworksBuildPhase section */

/* Begin PBXGroup section */
		DBD8C17C1B169FB70086C3ED = {
			isa = PBXGroup;
			children = (
				DBD8C1871B169FB70086C3ED /* Test */,
				DBD8C19D1B169FB70086C3ED /* TestTests */,
				DBD8C1861B169FB70086C3ED /* Products */,
			);
			sourceTree = "<group>";
		};
		DBD8C1861B169FB70086C3ED /* Products */ = {
			isa = PBXGroup;
			children = (
				DBD8C1851B169FB70086C3ED /* MyFirstSwift.app */,
				DBD8C19A1B169FB70086C3ED /* MyFirstSwiftMyFirstSwifts.xctest */,
			);
			name = Products;
			sourceTree = "<group>";
		};
		DBD8C1871B169FB70086C3ED /* Test */ = {
			isa = PBXGroup;
			children = (
				DBD8C18A1B169FB70086C3ED /* AppDelegate.swift */,
				DBD8C18C1B169FB70086C3ED /* ViewController.swift */,
				DBD8C18E1B169FB70086C3ED /* Main.storyboard */,
				DBD8C1911B169FB70086C3ED /* Images.xcassets */,
				DBD8C1931B169FB70086C3ED /* LaunchScreen.xib */,
				DBD8C1881B169FB70086C3ED /* Supporting Files */,
			);
			path = Test;
			sourceTree = "<group>";
		};
		DBD8C1881B169FB70086C3ED /* Supporting Files */ = {
			isa = PBXGroup;
			children = (
				DBD8C1891B169FB70086C3ED /* Info.plist */,
			);
			name = "Supporting Files";
			sourceTree = "<group>";
		};
		DBD8C19D1B169FB70086C3ED /* TestTests */ = {
			isa = PBXGroup;
			children = (
				DBD8C1A01B169FB70086C3ED /* TestTests.swift */,
				DBD8C19E1B169FB70086C3ED /* Supporting Files */,
			);
			path = TestTests;
			sourceTree = "<group>";
		};
		DBD8C19E1B169FB70086C3ED /* Supporting Files */ = {
			isa = PBXGroup;
			children = (
				DBD8C19F1B169FB70086C3ED /* Info.plist */,
			);
			name = "Supporting Files";
			sourceTree = "<group>";
		};
/* End PBXGroup section */

/* Begin PBXNativeTarget section */
		DBD8C1841B169FB70086C3ED /* MyFirstSwift */ = {
			isa = PBXNativeTarget;
			buildConfigurationList = DBD8C1A41B169FB70086C3ED /* Build configuration list for PBXNativeTarget "MyFirstSwift" */;
			buildPhases = (
				DBD8C1811B169FB70086C3ED /* Sources */,
				DBD8C1821B169FB70086C3ED /* Frameworks */,
				DBD8C1831B169FB70086C3ED /* Resources */,
			);
			buildRules = (
			);
			dependencies = (
			);
			name = MyFirstSwift;
			productName = Test;
			productReference = DBD8C1851B169FB70086C3ED /* MyFirstSwift.app */;
			productType = "com.apple.product-type.application";
		};
		DBD8C1991B169FB70086C3ED /* MyFirstSwiftMyFirstSwifts */ = {
			isa = PBXNativeTarget;
			buildConfigurationList = DBD8C1A71B169FB70086C3ED /* Build configuration list for PBXNativeTarget "MyFirstSwiftMyFirstSwifts" */;
			buildPhases = (
				DBD8C1961B169FB70086C3ED /* Sources */,
				DBD8C1971B169FB70086C3ED /* Frameworks */,
				DBD8C1981B169FB70086C3ED /* Resources */,
			);
			buildRules = (
			);
			dependencies = (
				DBD8C19C1B169FB70086C3ED /* PBXTargetDependency */,
			);
			name = MyFirstSwiftMyFirstSwifts;
			productName = TestTests;
			productReference = DBD8C19A1B169FB70086C3ED /* MyFirstSwiftMyFirstSwifts.xctest */;
			productType = "com.apple.product-type.bundle.unit-test";
		};
/* End PBXNativeTarget section */

/* Begin PBXProject section */
		DBD8C17D1B169FB70086C3ED /* Project object */ = {
			isa = PBXProject;
			attributes = {
				LastUpgradeCheck = 0630;
				ORGANIZATIONNAME = P;
				TargetAttributes = {
					DBD8C1841B169FB70086C3ED = {
						CreatedOnToolsVersion = 6.3.2;
					};
					DBD8C1991B169FB70086C3ED = {
						CreatedOnToolsVersion = 6.3.2;
						TestTargetID = DBD8C1841B169FB70086C3ED;
					};
				};
			};
			buildConfigurationList = DBD8C1801B169FB70086C3ED /* Build configuration list for PBXProject "MyFirstSwift" */;
			compatibilityVersion = "Xcode 3.2";
			developmentRegion = English;
			hasScannedForEncodings = 0;
			knownRegions = (
				en,
				Base,
			);
			mainGroup = DBD8C17C1B169FB70086C3ED;
			productRefGroup = DBD8C1861B169FB70086C3ED /* Products */;
			projectDirPath = "";
			projectRoot = "";
			targets = (
				DBD8C1841B169FB70086C3ED /* MyFirstSwift */,
				DBD8C1991B169FB70086C3ED /* MyFirstSwiftMyFirstSwifts */,
			);
		};
/* End PBXProject section */

/* Begin PBXResourcesBuildPhase section */
		DBD8C1831B169FB70086C3ED /* Resources */ = {
			isa = PBXResourcesBuildPhase;
			buildActionMask = 2147483647;
			files = (
				DBD8C1901B169FB70086C3ED /* Main.storyboard in Resources */,
				DBD8C1951B169FB70086C3ED /* LaunchScreen.xib in Resources */,
				DBD8C1921B169FB70086C3ED /* Images.xcassets in Resources */,
			);
			runOnlyForDeploymentPostprocessing = 0;
		};
		DBD8C1981B169FB70086C3ED /* Resources */ = {
			isa = PBXResourcesBuildPhase;
			buildActionMask = 2147483647;
			files = (
			);
			runOnlyForDeploymentPostprocessing = 0;
		};
/* End PBXResourcesBuildPhase section */

/* Begin PBXSourcesBuildPhase section */
		DBD8C1811B169FB70086C3ED /* Sources */ = {
			isa = PBXSourcesBuildPhase;
			buildActionMask = 2147483647;
			files = (
				DBD8C18D1B169FB70086C3ED /* ViewController.swift in Sources */,
				DBD8C18B1B169FB70086C3ED /* AppDelegate.swift in Sources */,
			);
			runOnlyForDeploymentPostprocessing = 0;
		};
		DBD8C1961B169FB70086C3ED /* Sources */ = {
			isa = PBXSourcesBuildPhase;
			buildActionMask = 2147483647;
			files = (
				DBD8C1A11B169FB70086C3ED /* TestTests.swift in Sources */,
			);
			runOnlyForDeploymentPostprocessing = 0;
		};
/* End PBXSourcesBuildPhase section */

/* Begin PBXTargetDependency section */
		DBD8C19C1B169FB70086C3ED /* PBXTargetDependency */ = {
			isa = PBXTargetDependency;
			target = DBD8C1841B169FB70086C3ED /* MyFirstSwift */;
			targetProxy = DBD8C19B1B169FB70086C3ED /* PBXContainerItemProxy */;
		};
/* End PBXTargetDependency section */

/* Begin PBXVariantGroup section */
		DBD8C18E1B169FB70086C3ED /* Main.storyboard */ = {
			isa = PBXVariantGroup;
			children = (
				DBD8C18F1B169FB70086C3ED /* Base */,
			);
			name = Main.storyboard;
			sourceTree = "<group>";
		};
		DBD8C1931B169FB70086C3ED /* LaunchScreen.xib */ = {
			isa = PBXVariantGroup;
			children = (
				DBD8C1941B169FB70086C3ED /* Base */,
			);
			name = LaunchScreen.xib;
			sourceTree = "<group>";
		};
/* End PBXVariantGroup section */

/* Begin XCBuildConfiguration section */
		DBD8C1A21B169FB70086C3ED /* Debug */ = {
			isa = XCBuildConfiguration;
			buildSettings = {
				ALWAYS_SEARCH_USER_PATHS = NO;
				CLANG_CXX_LANGUAGE_STANDARD = "gnu++0x";
				CLANG_CXX_LIBRARY = "libc++";
				CLANG_ENABLE_MODULES = YES;
				CLANG_ENABLE_OBJC_ARC = YES;
				CLANG_WARN_BOOL_CONVERSION = YES;
				CLANG_WARN_CONSTANT_CONVERSION = YES;
				CLANG_WARN_DIRECT_OBJC_ISA_USAGE = YES_ERROR;
				CLANG_WARN_EMPTY_BODY = YES;
				CLANG_WARN_ENUM_CONVERSION = YES;
				CLANG_WARN_INT_CONVERSION = YES;
				CLANG_WARN_OBJC_ROOT_CLASS = YES_ERROR;
				CLANG_WARN_UNREACHABLE_CODE = YES;
				CLANG_WARN__DUPLICATE_METHOD_MATCH = YES;
				"CODE_SIGN_IDENTITY[sdk=iphoneos*]" = "iPhone Developer";
				COPY_PHASE_STRIP = NO;
				DEBUG_INFORMATION_FORMAT = "dwarf-with-dsym";
				ENABLE_STRICT_OBJC_MSGSEND = YES;
				GCC_C_LANGUAGE_STANDARD = gnu99;
				GCC_DYNAMIC_NO_PIC = NO;
				GCC_NO_COMMON_BLOCKS = YES;
				GCC_OPTIMIZATION_LEVEL = 0;
				GCC_PREPROCESSOR_DEFINITIONS = (
					"DEBUG=1",
					"$(inherited)",
				);
				GCC_SYMBOLS_PRIVATE_EXTERN = NO;
				GCC_WARN_64_TO_32_BIT_CONVERSION = YES;
				GCC_WARN_ABOUT_RETURN_TYPE = YES_ERROR;
				GCC_WARN_UNDECLARED_SELECTOR = YES;
				GCC_WARN_UNINITIALIZED_AUTOS = YES_AGGRESSIVE;
				GCC_WARN_UNUSED_FUNCTION = YES;
				GCC_WARN_UNUSED_VARIABLE = YES;
				IPHONEOS_DEPLOYMENT_TARGET = 8.3;
				MTL_ENABLE_DEBUG_INFO = YES;
				ONLY_ACTIVE_ARCH = YES;
				SDKROOT = iphoneos;
				SWIFT_OPTIMIZATION_LEVEL = "-Onone";
				TARGETED_DEVICE_FAMILY = "1,2";
			};
			name = Debug;
		};
		DBD8C1A31B169FB70086C3ED /* Release */ = {
			isa = XCBuildConfiguration;
			buildSettings = {
				ALWAYS_SEARCH_USER_PATHS = NO;
				CLANG_CXX_LANGUAGE_STANDARD = "gnu++0x";
				CLANG_CXX_LIBRARY = "libc++";
				CLANG_ENABLE_MODULES = YES;
				CLANG_ENABLE_OBJC_ARC = YES;
				CLANG_WARN_BOOL_CONVERSION = YES;
				CLANG_WARN_CONSTANT_CONVERSION = YES;
				CLANG_WARN_DIRECT_OBJC_ISA_USAGE = YES_ERROR;
				CLANG_WARN_EMPTY_BODY = YES;
				CLANG_WARN_ENUM_CONVERSION = YES;
				CLANG_WARN_INT_CONVERSION = YES;
				CLANG_WARN_OBJC_ROOT_CLASS = YES_ERROR;
				CLANG_WARN_UNREACHABLE_CODE = YES;
				CLANG_WARN__DUPLICATE_METHOD_MATCH = YES;
				"CODE_SIGN_IDENTITY[sdk=iphoneos*]" = "iPhone Developer";
				COPY_PHASE_STRIP = NO;
				DEBUG_INFORMATION_FORMAT = "dwarf-with-dsym";
				ENABLE_NS_ASSERTIONS = NO;
				ENABLE_STRICT_OBJC_MSGSEND = YES;
				GCC_C_LANGUAGE_STANDARD = gnu99;
				GCC_NO_COMMON_BLOCKS = YES;
				GCC_WARN_64_TO_32_BIT_CONVERSION = YES;
				GCC_WARN_ABOUT_RETURN_TYPE = YES_ERROR;
				GCC_WARN_UNDECLARED_SELECTOR = YES;
				GCC_WARN_UNINITIALIZED_AUTOS = YES_AGGRESSIVE;
				GCC_WARN_UNUSED_FUNCTION = YES;
				GCC_WARN_UNUSED_VARIABLE = YES;
				IPHONEOS_DEPLOYMENT_TARGET = 8.3;
				MTL_ENABLE_DEBUG_INFO = NO;
				SDKROOT = iphoneos;
				TARGETED_DEVICE_FAMILY = "1,2";
				VALIDATE_PRODUCT = YES;
			};
			name = Release;
		};
		DBD8C1A51B169FB70086C3ED /* Debug */ = {
			isa = XCBuildConfiguration;
			buildSettings = {
				ASSETCATALOG_COMPILER_APPICON_NAME = AppIcon;
				INFOPLIST_FILE = Test/Info.plist;
				LD_RUNPATH_SEARCH_PATHS = "$(inherited) @executable_path/Frameworks";
				PRODUCT_NAME = MyFirstSwift;
			};
			name = Debug;
		};
		DBD8C1A61B169FB70086C3ED /* Release */ = {
			isa = XCBuildConfiguration;
			buildSettings = {
				ASSETCATALOG_COMPILER_APPICON_NAME = AppIcon;
				INFOPLIST_FILE = Test/Info.plist;
				LD_RUNPATH_SEARCH_PATHS = "$(inherited) @executable_path/Frameworks";
				PRODUCT_NAME = MyFirstSwift;
			};
			name = Release;
		};
		DBD8C1A81B169FB70086C3ED /* Debug */ = {
			isa = XCBuildConfiguration;
			buildSettings = {
				BUNDLE_LOADER = "$(TEST_HOST)";
				FRAMEWORK_SEARCH_PATHS = (
					"$(SDKROOT)/Developer/Library/Frameworks",
					"$(inherited)",
				);
				GCC_PREPROCESSOR_DEFINITIONS = (
					"DEBUG=1",
					"$(inherited)",
				);
				INFOPLIST_FILE = TestTests/Info.plist;
				LD_RUNPATH_SEARCH_PATHS = "$(inherited) @executable_path/Frameworks @loader_path/Frameworks";
				PRODUCT_NAME = MyFirstSwiftMyFirstSwifts;
				TEST_HOST = "$(BUILT_PRODUCTS_DIR)/Test.app/Test";
			};
			name = Debug;
		};
		DBD8C1A91B169FB70086C3ED /* Release */ = {
			isa = XCBuildConfiguration;
			buildSettings = {
				BUNDLE_LOADER = "$(TEST_HOST)";
				FRAMEWORK_SEARCH_PATHS = (
					"$(SDKROOT)/Developer/Library/Frameworks",
					"$(inherited)",
				);
				INFOPLIST_FILE = TestTests/Info.plist;
				LD_RUNPATH_SEARCH_PATHS = "$(inherited) @executable_path/Frameworks @loader_path/Frameworks";
				PRODUCT_NAME = MyFirstSwiftMyFirstSwifts;
				TEST_HOST = "$(BUILT_PRODUCTS_DIR)/Test.app/Test";
			};
			name = Release;
		};
/* End XCBuildConfiguration section */

/* Begin XCConfigurationList section */
		DBD8C1801B169FB70086C3ED /* Build configuration list for PBXProject "MyFirstSwift" */ = {
			isa = XCConfigurationList;
			buildConfigurations = (
				DBD8C1A21B169FB70086C3ED /* Debug */,
				DBD8C1A31B169FB70086C3ED /* Release */,
			);
			defaultConfigurationIsVisible = 0;
			defaultConfigurationName = Release;
		};
		DBD8C1A41B169FB70086C3ED /* Build configuration list for PBXNativeTarget "MyFirstSwift" */ = {
			isa = XCConfigurationList;
			buildConfigurations = (
				DBD8C1A51B169FB70086C3ED /* Debug */,
				DBD8C1A61B169FB70086C3ED /* Release */,
			);
			defaultConfigurationIsVisible = 0;
			defaultConfigurationName = Release;
		};
		DBD8C1A71B169FB70086C3ED /* Build configuration list for PBXNativeTarget "MyFirstSwiftMyFirstSwifts" */ = {
			isa = XCConfigurationList;
			buildConfigurations = (
				DBD8C1A81B169FB70086C3ED /* Debug */,
				DBD8C1A91B169FB70086C3ED /* Release */,
			);
			defaultConfigurationIsVisible = 0;
			defaultConfigurationName = Release;
		};
/* End XCConfigurationList section */
	};
	rootObject = DBD8C17D1B169FB70086C3ED /* Project object */;
}
